
Microsoft Visual Studio Solution File, Format Version 12.00
# Visual Studio Version 17
VisualStudioVersion = 17.3.32922.545
MinimumVisualStudioVersion = 10.0.40219.1
Project("{2150E333-8FDC-42A3-9474-1A3956D46DE8}") = "Pregunta1", "Pregunta1", "{D2F07DBE-6653-40FA-ACE4-5C7EB4A4B983}"
EndProject
Project("{FAE04EC0-301F-11D3-BF4B-00C04F79EFBC}") = "Pregunta1", "Pregunta 1\Pregunta 1\Pregunta1.csproj", "{7AC11017-07F6-45AA-A188-8B0AA52B87FF}"
EndProject
Global
	GlobalSection(SolutionConfigurationPlatforms) = preSolution
		Debug|Any CPU = Debug|Any CPU
		Release|Any CPU = Release|Any CPU
	EndGlobalSection
	GlobalSection(ProjectConfigurationPlatforms) = postSolution
		{7AC11017-07F6-45AA-A188-8B0AA52B87FF}.Debug|Any CPU.ActiveCfg = Debug|Any CPU
		{7AC11017-07F6-45AA-A188-8B0AA52B87FF}.Debug|Any CPU.Build.0 = Debug|Any CPU
		{7AC11017-07F6-45AA-A188-8B0AA52B87FF}.Release|Any CPU.ActiveCfg = Release|Any CPU
		{7AC11017-07F6-45AA-A188-8B0AA52B87FF}.Release|Any CPU.Build.0 = Release|Any CPU
	EndGlobalSection
	GlobalSection(SolutionProperties) = preSolution
		HideSolutionNode = FALSE
	EndGlobalSection
	GlobalSection(NestedProjects) = preSolution
		{7AC11017-07F6-45AA-A188-8B0AA52B87FF} = {D2F07DBE-6653-40FA-ACE4-5C7EB4A4B983}
	EndGlobalSection
	GlobalSection(ExtensibilityGlobals) = postSolution
		SolutionGuid = {256A786A-B0BD-47F9-85A6-8DDC77105D22}
	EndGlobalSection
EndGlobal
